
Microsoft Visual Studio Solution File, Format Version 12.00
# Visual Studio Version 16
VisualStudioVersion = 16.0.32510.428
MinimumVisualStudioVersion = 10.0.40219.1
Project("{FAE04EC0-301F-11D3-BF4B-00C04F79EFBC}") = "DesignPatternExample", "DesignPatternExample\DesignPatternExample.csproj", "{569472ED-9155-4701-8062-B979568A5764}"
EndProject
Global
	GlobalSection(SolutionConfigurationPlatforms) = preSolution
		Debug|Any CPU = Debug|Any CPU
		Release|Any CPU = Release|Any CPU
	EndGlobalSection
	GlobalSection(ProjectConfigurationPlatforms) = postSolution
		{569472ED-9155-4701-8062-B979568A5764}.Debug|Any CPU.ActiveCfg = Debug|Any CPU
		{569472ED-9155-4701-8062-B979568A5764}.Debug|Any CPU.Build.0 = Debug|Any CPU
		{569472ED-9155-4701-8062-B979568A5764}.Release|Any CPU.ActiveCfg = Release|Any CPU
		{569472ED-9155-4701-8062-B979568A5764}.Release|Any CPU.Build.0 = Release|Any CPU
	EndGlobalSection
	GlobalSection(SolutionProperties) = preSolution
		HideSolutionNode = FALSE
	EndGlobalSection
	GlobalSection(ExtensibilityGlobals) = postSolution
		SolutionGuid = {B9034AD9-530B-4A50-AC82-F8F298DADB0F}
	EndGlobalSection
EndGlobal
