
Microsoft Visual Studio Solution File, Format Version 12.00
# Visual Studio Version 17
VisualStudioVersion = 17.5.33516.290
MinimumVisualStudioVersion = 10.0.40219.1
Project("{FAE04EC0-301F-11D3-BF4B-00C04F79EFBC}") = "DesignPatternExample", "DesignPatternExample\DesignPatternExample.csproj", "{A66CDC69-8619-4B9E-A2ED-549DC70CCD60}"
EndProject
Global
	GlobalSection(SolutionConfigurationPlatforms) = preSolution
		Debug|Any CPU = Debug|Any CPU
		Release|Any CPU = Release|Any CPU
	EndGlobalSection
	GlobalSection(ProjectConfigurationPlatforms) = postSolution
		{A66CDC69-8619-4B9E-A2ED-549DC70CCD60}.Debug|Any CPU.ActiveCfg = Debug|Any CPU
		{A66CDC69-8619-4B9E-A2ED-549DC70CCD60}.Debug|Any CPU.Build.0 = Debug|Any CPU
		{A66CDC69-8619-4B9E-A2ED-549DC70CCD60}.Release|Any CPU.ActiveCfg = Release|Any CPU
		{A66CDC69-8619-4B9E-A2ED-549DC70CCD60}.Release|Any CPU.Build.0 = Release|Any CPU
	EndGlobalSection
	GlobalSection(SolutionProperties) = preSolution
		HideSolutionNode = FALSE
	EndGlobalSection
	GlobalSection(ExtensibilityGlobals) = postSolution
		SolutionGuid = {622742D8-240C-4AC6-A89D-5C3B78666B5E}
	EndGlobalSection
EndGlobal
